# This file was autogenerated by uv via the following command:
#    uv pip compile --no-cache ./folio-auto-renew/pyproject.toml
anyio==4.14.2
    # via httpx
certifi==2026.7.22
    # via
    #   httpcore
    #   httpx
folioclient==1.0.11
    # via folio-auto-renew (./folio-auto-renew/pyproject.toml)
h11==0.16.0
    # via httpcore
httpcore==1.0.9
    # via httpx
httpx==0.28.1
    # via
    #   folio-auto-renew (./folio-auto-renew/pyproject.toml)
    #   folioclient
idna==3.18
    # via
    #   anyio
    #   httpx
jsonref==1.1.0
    # via folioclient
orjson==3.12.0
    # via folioclient
py-openapi-schema-to-json-schema==0.0.3
    # via folioclient
python-dateutil==2.9.0.post0
    # via folioclient
pyyaml==6.0.3
    # via folioclient
six==1.17.0
    # via python-dateutil
tenacity==9.1.4
    # via folioclient
# This file was autogenerated by uv via the following command:
#    uv pip compile --no-cache ./requirements.txt
boto3==1.43.71
    # via -r ./requirements.txt
botocore==1.43.71
    # via
    #   boto3
    #   s3transfer
jmespath==1.1.0
    # via
    #   boto3
    #   botocore
python-dateutil==2.9.0.post0
    # via botocore
s3transfer==0.19.2
    # via boto3
six==1.17.0
    # via python-dateutil
urllib3==2.7.0
    # via botocore
