# This file was autogenerated by uv via the following command:
#    uv pip compile --python-version 3.15 --no-cache ./requirements.txt
anyio==4.15.1
    # via httpx
boto3==1.43.108
    # via -r ./requirements.txt
botocore==1.43.108
    # via
    #   boto3
    #   s3transfer
certifi==2026.7.22
    # via
    #   httpcore
    #   httpx
folio-auto-renew==0.0.2
    # via -r ./requirements.txt
folioclient==1.0.14
    # via
    #   -r ./requirements.txt
    #   folio-auto-renew
h11==0.16.0
    # via httpcore
httpcore==1.0.9
    # via httpx
httpx==0.28.1
    # via
    #   folio-auto-renew
    #   folioclient
idna==3.20
    # via
    #   anyio
    #   httpx
jmespath==1.1.0
    # via
    #   boto3
    #   botocore
jsonref==1.1.0
    # via folioclient
orjson==3.12.0
    # via folioclient
py-openapi-schema-to-json-schema==0.0.3
    # via folioclient
python-dateutil==2.9.0.post0
    # via
    #   botocore
    #   folioclient
pyyaml==6.0.3
    # via folioclient
s3transfer==0.19.2
    # via boto3
six==1.17.0
    # via python-dateutil
tenacity==9.1.4
    # via folioclient
urllib3==2.8.0
    # via botocore
