# This file was autogenerated by uv via the following command:
#    uv pip compile ./folio_data_import/pyproject.toml -o requirements.lock
aiofiles==24.1.0
    # via folio-data-import (./folio_data_import/pyproject.toml)
anyio==4.12.1
    # via httpx
attrs==25.4.0
    # via flake8-bugbear
bandit==1.9.3
    # via flake8-bandit
black==25.1.0
    # via flake8-black
blessed==1.27.0
    # via inquirer
certifi==2026.1.4
    # via
    #   httpcore
    #   httpx
click==8.3.1
    # via
    #   black
    #   typer
editor==1.6.6
    # via inquirer
flake8==7.3.0
    # via
    #   flake8-bandit
    #   flake8-black
    #   flake8-bugbear
    #   flake8-docstrings
    #   flake8-isort
flake8-bandit==4.1.1
    # via folio-data-import (./folio_data_import/pyproject.toml)
flake8-black==0.3.7
    # via folio-data-import (./folio_data_import/pyproject.toml)
flake8-bugbear==24.12.12
    # via folio-data-import (./folio_data_import/pyproject.toml)
flake8-docstrings==1.7.0
    # via folio-data-import (./folio_data_import/pyproject.toml)
flake8-isort==6.1.2
    # via folio-data-import (./folio_data_import/pyproject.toml)
folioclient==0.70.2
    # via folio-data-import (./folio_data_import/pyproject.toml)
h11==0.16.0
    # via httpcore
httpcore==1.0.9
    # via httpx
httpx==0.28.1
    # via folioclient
idna==3.11
    # via
    #   anyio
    #   httpx
inquirer==3.4.1
    # via folio-data-import (./folio_data_import/pyproject.toml)
isort==6.1.0
    # via flake8-isort
jsonref==1.1.0
    # via folioclient
markdown-it-py==4.0.0
    # via rich
mccabe==0.7.0
    # via flake8
mdurl==0.1.2
    # via markdown-it-py
mypy-extensions==1.1.0
    # via black
packaging==25.0
    # via black
pathspec==1.0.3
    # via black
platformdirs==4.5.1
    # via black
py-openapi-schema-to-json-schema==0.0.3
    # via folioclient
pycodestyle==2.14.0
    # via flake8
pydocstyle==6.3.0
    # via flake8-docstrings
pyflakes==3.4.0
    # via flake8
pygments==2.19.2
    # via rich
pyhumps==3.8.0
    # via folio-data-import (./folio_data_import/pyproject.toml)
pymarc==5.3.1
    # via folio-data-import (./folio_data_import/pyproject.toml)
python-dateutil==2.9.0.post0
    # via folioclient
pyyaml==6.0.3
    # via
    #   bandit
    #   folioclient
readchar==4.2.1
    # via inquirer
rich==14.2.0
    # via
    #   bandit
    #   typer
runs==1.2.2
    # via editor
shellingham==1.5.4
    # via typer
six==1.17.0
    # via python-dateutil
snowballstemmer==3.0.1
    # via pydocstyle
stevedore==5.6.0
    # via bandit
tabulate==0.9.0
    # via folio-data-import (./folio_data_import/pyproject.toml)
typer==0.21.1
    # via folio-data-import (./folio_data_import/pyproject.toml)
typing-extensions==4.15.0
    # via typer
wcwidth==0.3.0
    # via blessed
xmod==1.8.1
    # via
    #   editor
    #   runs
